// !$*UTF8*$!
{
	archiveVersion = 1;
	classes = {
	};
	objectVersion = 46;
	objects = {

/* Begin PBXBuildFile section */
		7A1A1B101F1036470023A8C1 /* AppDelegate.swift in Sources */ = {isa = PBXBuildFile; fileRef = 7A1A1B0F1F1036470023A8C1 /* AppDelegate.swift */; };
		7A1A1B121F1036470023A8C1 /* LocationVC.swift in Sources */ = {isa = PBXBuildFile; fileRef = 7A1A1B111F1036470023A8C1 /* LocationVC.swift */; };
		7A1A1B151F1036480023A8C1 /* Main.storyboard in Resources */ = {isa = PBXBuildFile; fileRef = 7A1A1B131F1036480023A8C1 /* Main.storyboard */; };
		7A1A1B1A1F1036480023A8C1 /* Assets.xcassets in Resources */ = {isa = PBXBuildFile; fileRef = 7A1A1B191F1036480023A8C1 /* Assets.xcassets */; };
		7A1A1B1D1F1036480023A8C1 /* LaunchScreen.storyboard in Resources */ = {isa = PBXBuildFile; fileRef = 7A1A1B1B1F1036480023A8C1 /* LaunchScreen.storyboard */; };
		7A1A1B421F1036CE0023A8C1 /* WeatherDataManager.swift in Sources */ = {isa = PBXBuildFile; fileRef = 7A1A1B411F1036CE0023A8C1 /* WeatherDataManager.swift */; };
		7A1A1B441F10393F0023A8C1 /* Globals.swift in Sources */ = {isa = PBXBuildFile; fileRef = 7A1A1B431F10393F0023A8C1 /* Globals.swift */; };
		7A1A1B4B1F104A9A0023A8C1 /* RestAPI.swift in Sources */ = {isa = PBXBuildFile; fileRef = 7A1A1B4A1F104A9A0023A8C1 /* RestAPI.swift */; };
		7A1A1B4D1F106B7F0023A8C1 /* ComputedDefaults.swift in Sources */ = {isa = PBXBuildFile; fileRef = 7A1A1B4C1F106B7F0023A8C1 /* ComputedDefaults.swift */; };
		7A1A1B4F1F107C080023A8C1 /* DataBuilder.swift in Sources */ = {isa = PBXBuildFile; fileRef = 7A1A1B4E1F107C080023A8C1 /* DataBuilder.swift */; };
		7A1A1B531F107E950023A8C1 /* Condition.swift in Sources */ = {isa = PBXBuildFile; fileRef = 7A1A1B521F107E950023A8C1 /* Condition.swift */; };
		7A1A1B571F1083A80023A8C1 /* Location.swift in Sources */ = {isa = PBXBuildFile; fileRef = 7A1A1B561F1083A80023A8C1 /* Location.swift */; };
		7A1A1B5B1F1088AB0023A8C1 /* Base.swift in Sources */ = {isa = PBXBuildFile; fileRef = 7A1A1B5A1F1088AB0023A8C1 /* Base.swift */; };
		7A72C26D1F14288A00C766E9 /* Forecast.swift in Sources */ = {isa = PBXBuildFile; fileRef = 7A72C26C1F14288900C766E9 /* Forecast.swift */; };
		7A72C26F1F14416600C766E9 /* MulticastDelegate.swift in Sources */ = {isa = PBXBuildFile; fileRef = 7A72C26E1F14416600C766E9 /* MulticastDelegate.swift */; };
		7A72C2721F1458B100C766E9 /* HourForecastCollectionViewCell.swift in Sources */ = {isa = PBXBuildFile; fileRef = 7A72C2701F1458B100C766E9 /* HourForecastCollectionViewCell.swift */; };
		7A72C2731F1458B100C766E9 /* HourForecastCollectionViewCell.xib in Resources */ = {isa = PBXBuildFile; fileRef = 7A72C2711F1458B100C766E9 /* HourForecastCollectionViewCell.xib */; };
		7A72C2761F14780300C766E9 /* PageViewController.swift in Sources */ = {isa = PBXBuildFile; fileRef = 7A72C2751F14780300C766E9 /* PageViewController.swift */; };
		7A8464721F113387007CFB35 /* DataManager.swift in Sources */ = {isa = PBXBuildFile; fileRef = 7A8464711F113387007CFB35 /* DataManager.swift */; };
		7A9D10BA1F1CA53E0050495F /* DailyForecastTableViewCell.swift in Sources */ = {isa = PBXBuildFile; fileRef = 7A9D10B81F1CA53E0050495F /* DailyForecastTableViewCell.swift */; };
		7A9D10BB1F1CA53E0050495F /* DailyForecastTableViewCell.xib in Resources */ = {isa = PBXBuildFile; fileRef = 7A9D10B91F1CA53E0050495F /* DailyForecastTableViewCell.xib */; };
		7AAD24E01F1E5A5600BD1814 /* URL+Helper.swift in Sources */ = {isa = PBXBuildFile; fileRef = 7AAD24DF1F1E5A5600BD1814 /* URL+Helper.swift */; };
		7AAD24E21F1E5A7700BD1814 /* String+Helper.swift in Sources */ = {isa = PBXBuildFile; fileRef = 7AAD24E11F1E5A7700BD1814 /* String+Helper.swift */; };
		7AAD24E41F1E5A9300BD1814 /* Date+Helper.swift in Sources */ = {isa = PBXBuildFile; fileRef = 7AAD24E31F1E5A9300BD1814 /* Date+Helper.swift */; };
		7AAD24E81F1E5B3C00BD1814 /* Location+Helper.swift in Sources */ = {isa = PBXBuildFile; fileRef = 7AAD24E71F1E5B3C00BD1814 /* Location+Helper.swift */; };
		7AAD24EA1F1E5B7F00BD1814 /* Hourly+Helper.swift in Sources */ = {isa = PBXBuildFile; fileRef = 7AAD24E91F1E5B7F00BD1814 /* Hourly+Helper.swift */; };
		7AAD24ED1F1E5BB800BD1814 /* Forecast+Helper.swift in Sources */ = {isa = PBXBuildFile; fileRef = 7AAD24EC1F1E5BB800BD1814 /* Forecast+Helper.swift */; };
		7AAD24F51F1E5CBB00BD1814 /* NotificationCenter.framework in Frameworks */ = {isa = PBXBuildFile; fileRef = 7AAD24F41F1E5CBB00BD1814 /* NotificationCenter.framework */; };
		7AAD24F81F1E5CBB00BD1814 /* TodayViewController.swift in Sources */ = {isa = PBXBuildFile; fileRef = 7AAD24F71F1E5CBB00BD1814 /* TodayViewController.swift */; };
		7AAD24FB1F1E5CBB00BD1814 /* MainInterface.storyboard in Resources */ = {isa = PBXBuildFile; fileRef = 7AAD24F91F1E5CBB00BD1814 /* MainInterface.storyboard */; };
		7AAD24FF1F1E5CBB00BD1814 /* Heimdall Widget.appex in Embed App Extensions */ = {isa = PBXBuildFile; fileRef = 7AAD24F21F1E5CBB00BD1814 /* Heimdall Widget.appex */; settings = {ATTRIBUTES = (RemoveHeadersOnCopy, ); }; };
		7AAD25051F1E699C00BD1814 /* Dictionary+Helper.swift in Sources */ = {isa = PBXBuildFile; fileRef = 7AAD25041F1E699C00BD1814 /* Dictionary+Helper.swift */; };
		7ABB455E1F1CCD0100D0BABD /* BorderedCollectionView.swift in Sources */ = {isa = PBXBuildFile; fileRef = 7ABB455D1F1CCD0100D0BABD /* BorderedCollectionView.swift */; };
		7ACC25C71F1F33FC006512DC /* UIImage+Helper.swift in Sources */ = {isa = PBXBuildFile; fileRef = 7ACC25C61F1F33FC006512DC /* UIImage+Helper.swift */; };
		7ACC25C81F1F5A44006512DC /* Globals.swift in Sources */ = {isa = PBXBuildFile; fileRef = 7A1A1B431F10393F0023A8C1 /* Globals.swift */; };
		7ACC25C91F1F5A61006512DC /* String+Helper.swift in Sources */ = {isa = PBXBuildFile; fileRef = 7AAD24E11F1E5A7700BD1814 /* String+Helper.swift */; };
		7ACDB10D1F1E7CC9002EA283 /* Base.swift in Sources */ = {isa = PBXBuildFile; fileRef = 7A1A1B5A1F1088AB0023A8C1 /* Base.swift */; };
		7ACDB1151F1E9324002EA283 /* Assets.xcassets in Resources */ = {isa = PBXBuildFile; fileRef = 7A1A1B191F1036480023A8C1 /* Assets.xcassets */; };
		7ACDB1171F1EA8B0002EA283 /* UILoadButton.swift in Sources */ = {isa = PBXBuildFile; fileRef = 7ACDB1161F1EA8B0002EA283 /* UILoadButton.swift */; };
		7ACDB1191F1EA8FB002EA283 /* UIFloatTextField.swift in Sources */ = {isa = PBXBuildFile; fileRef = 7ACDB1181F1EA8FB002EA283 /* UIFloatTextField.swift */; };
		7ACDB11B1F1EA922002EA283 /* UIView+Helper.swift in Sources */ = {isa = PBXBuildFile; fileRef = 7ACDB11A1F1EA922002EA283 /* UIView+Helper.swift */; };
		7ACDB11D1F1EA93C002EA283 /* CGPoint+Helper.swift in Sources */ = {isa = PBXBuildFile; fileRef = 7ACDB11C1F1EA93C002EA283 /* CGPoint+Helper.swift */; };
		7ACDB1201F1EBA7E002EA283 /* NewLocationViewController.swift in Sources */ = {isa = PBXBuildFile; fileRef = 7ACDB11F1F1EBA7E002EA283 /* NewLocationViewController.swift */; };
		7ACDB1221F1EBDB5002EA283 /* UIApplication+Helper.swift in Sources */ = {isa = PBXBuildFile; fileRef = 7ACDB1211F1EBDB5002EA283 /* UIApplication+Helper.swift */; };
		7AEE3B7C1F129C10003BC81F /* Localizable.strings in Resources */ = {isa = PBXBuildFile; fileRef = 7AEE3B7E1F129C10003BC81F /* Localizable.strings */; };
		7AEE3B871F12AABB003BC81F /* Hourly.swift in Sources */ = {isa = PBXBuildFile; fileRef = 7AEE3B861F12AABB003BC81F /* Hourly.swift */; };
		7AF8F05E1F13290000B58EAA /* LocationManager.swift in Sources */ = {isa = PBXBuildFile; fileRef = 7AF8F05D1F13290000B58EAA /* LocationManager.swift */; };
/* End PBXBuildFile section */

/* Begin PBXContainerItemProxy section */
		7A1A1B241F1036480023A8C1 /* PBXContainerItemProxy */ = {
			isa = PBXContainerItemProxy;
			containerPortal = 7A1A1B041F1036470023A8C1 /* Project object */;
			proxyType = 1;
			remoteGlobalIDString = 7A1A1B0B1F1036470023A8C1;
			remoteInfo = Heimdall;
		};
		7A1A1B2F1F1036480023A8C1 /* PBXContainerItemProxy */ = {
			isa = PBXContainerItemProxy;
			containerPortal = 7A1A1B041F1036470023A8C1 /* Project object */;
			proxyType = 1;
			remoteGlobalIDString = 7A1A1B0B1F1036470023A8C1;
			remoteInfo = Heimdall;
		};
		7AAD24FD1F1E5CBB00BD1814 /* PBXContainerItemProxy */ = {
			isa = PBXContainerItemProxy;
			containerPortal = 7A1A1B041F1036470023A8C1 /* Project object */;
			proxyType = 1;
			remoteGlobalIDString = 7AAD24F11F1E5CBB00BD1814;
			remoteInfo = "Heimdall Widget";
		};
/* End PBXContainerItemProxy section */

/* Begin PBXCopyFilesBuildPhase section */
		7AAD25031F1E5CBB00BD1814 /* Embed App Extensions */ = {
			isa = PBXCopyFilesBuildPhase;
			buildActionMask = 2147483647;
			dstPath = "";
			dstSubfolderSpec = 13;
			files = (
				7AAD24FF1F1E5CBB00BD1814 /* Heimdall Widget.appex in Embed App Extensions */,
			);
			name = "Embed App Extensions";
			runOnlyForDeploymentPostprocessing = 0;
		};
/* End PBXCopyFilesBuildPhase section */

/* Begin PBXFileReference section */
		7A1A1B0C1F1036470023A8C1 /* Heimdall.app */ = {isa = PBXFileReference; explicitFileType = wrapper.application; includeInIndex = 0; path = Heimdall.app; sourceTree = BUILT_PRODUCTS_DIR; };
		7A1A1B0F1F1036470023A8C1 /* AppDelegate.swift */ = {isa = PBXFileReference; lastKnownFileType = sourcecode.swift; path = AppDelegate.swift; sourceTree = "<group>"; };
		7A1A1B111F1036470023A8C1 /* LocationVC.swift */ = {isa = PBXFileReference; lastKnownFileType = sourcecode.swift; path = LocationVC.swift; sourceTree = "<group>"; };
		7A1A1B141F1036480023A8C1 /* Base */ = {isa = PBXFileReference; lastKnownFileType = file.storyboard; name = Base; path = Base.lproj/Main.storyboard; sourceTree = "<group>"; };
		7A1A1B191F1036480023A8C1 /* Assets.xcassets */ = {isa = PBXFileReference; lastKnownFileType = folder.assetcatalog; path = Assets.xcassets; sourceTree = "<group>"; };
		7A1A1B1C1F1036480023A8C1 /* Base */ = {isa = PBXFileReference; lastKnownFileType = file.storyboard; name = Base; path = Base.lproj/LaunchScreen.storyboard; sourceTree = "<group>"; };
		7A1A1B1E1F1036480023A8C1 /* Info.plist */ = {isa = PBXFileReference; lastKnownFileType = text.plist.xml; path = Info.plist; sourceTree = "<group>"; };
		7A1A1B231F1036480023A8C1 /* HeimdallTests.xctest */ = {isa = PBXFileReference; explicitFileType = wrapper.cfbundle; includeInIndex = 0; path = HeimdallTests.xctest; sourceTree = BUILT_PRODUCTS_DIR; };
		7A1A1B2E1F1036480023A8C1 /* HeimdallUITests.xctest */ = {isa = PBXFileReference; explicitFileType = wrapper.cfbundle; includeInIndex = 0; path = HeimdallUITests.xctest; sourceTree = BUILT_PRODUCTS_DIR; };
		7A1A1B411F1036CE0023A8C1 /* WeatherDataManager.swift */ = {isa = PBXFileReference; fileEncoding = 4; lastKnownFileType = sourcecode.swift; name = WeatherDataManager.swift; path = DataLogics/WeatherDataManager.swift; sourceTree = "<group>"; };
		7A1A1B431F10393F0023A8C1 /* Globals.swift */ = {isa = PBXFileReference; fileEncoding = 4; lastKnownFileType = sourcecode.swift; path = Globals.swift; sourceTree = "<group>"; };
		7A1A1B4A1F104A9A0023A8C1 /* RestAPI.swift */ = {isa = PBXFileReference; fileEncoding = 4; lastKnownFileType = sourcecode.swift; name = RestAPI.swift; path = Configs/RestAPI.swift; sourceTree = "<group>"; };
		7A1A1B4C1F106B7F0023A8C1 /* ComputedDefaults.swift */ = {isa = PBXFileReference; fileEncoding = 4; lastKnownFileType = sourcecode.swift; name = ComputedDefaults.swift; path = Configs/ComputedDefaults.swift; sourceTree = "<group>"; };
		7A1A1B4E1F107C080023A8C1 /* DataBuilder.swift */ = {isa = PBXFileReference; fileEncoding = 4; lastKnownFileType = sourcecode.swift; name = DataBuilder.swift; path = DataLogics/DataBuilder.swift; sourceTree = "<group>"; };
		7A1A1B521F107E950023A8C1 /* Condition.swift */ = {isa = PBXFileReference; fileEncoding = 4; lastKnownFileType = sourcecode.swift; name = Condition.swift; path = DataLogics/Condition.swift; sourceTree = "<group>"; };
		7A1A1B561F1083A80023A8C1 /* Location.swift */ = {isa = PBXFileReference; fileEncoding = 4; lastKnownFileType = sourcecode.swift; name = Location.swift; path = DataLogics/Location.swift; sourceTree = "<group>"; };
		7A1A1B5A1F1088AB0023A8C1 /* Base.swift */ = {isa = PBXFileReference; fileEncoding = 4; lastKnownFileType = sourcecode.swift; name = Base.swift; path = Configs/Base.swift; sourceTree = "<group>"; };
		7A72C26C1F14288900C766E9 /* Forecast.swift */ = {isa = PBXFileReference; fileEncoding = 4; lastKnownFileType = sourcecode.swift; path = Forecast.swift; sourceTree = "<group>"; };
		7A72C26E1F14416600C766E9 /* MulticastDelegate.swift */ = {isa = PBXFileReference; fileEncoding = 4; lastKnownFileType = sourcecode.swift; path = MulticastDelegate.swift; sourceTree = "<group>"; };
		7A72C2701F1458B100C766E9 /* HourForecastCollectionViewCell.swift */ = {isa = PBXFileReference; fileEncoding = 4; lastKnownFileType = sourcecode.swift; name = HourForecastCollectionViewCell.swift; path = View/HourForecastCollectionViewCell.swift; sourceTree = "<group>"; };
		7A72C2711F1458B100C766E9 /* HourForecastCollectionViewCell.xib */ = {isa = PBXFileReference; fileEncoding = 4; lastKnownFileType = file.xib; name = HourForecastCollectionViewCell.xib; path = View/HourForecastCollectionViewCell.xib; sourceTree = "<group>"; };
		7A72C2751F14780300C766E9 /* PageViewController.swift */ = {isa = PBXFileReference; fileEncoding = 4; lastKnownFileType = sourcecode.swift; name = PageViewController.swift; path = Controllers/PageViewController.swift; sourceTree = "<group>"; };
		7A8464711F113387007CFB35 /* DataManager.swift */ = {isa = PBXFileReference; fileEncoding = 4; lastKnownFileType = sourcecode.swift; name = DataManager.swift; path = DataLogics/DataManager.swift; sourceTree = "<group>"; };
		7A9D10B81F1CA53E0050495F /* DailyForecastTableViewCell.swift */ = {isa = PBXFileReference; fileEncoding = 4; lastKnownFileType = sourcecode.swift; path = DailyForecastTableViewCell.swift; sourceTree = "<group>"; };
		7A9D10B91F1CA53E0050495F /* DailyForecastTableViewCell.xib */ = {isa = PBXFileReference; fileEncoding = 4; lastKnownFileType = file.xib; path = DailyForecastTableViewCell.xib; sourceTree = "<group>"; };
		7AAD24DF1F1E5A5600BD1814 /* URL+Helper.swift */ = {isa = PBXFileReference; fileEncoding = 4; lastKnownFileType = sourcecode.swift; name = "URL+Helper.swift"; path = "Helpers/URL+Helper.swift"; sourceTree = "<group>"; };
		7AAD24E11F1E5A7700BD1814 /* String+Helper.swift */ = {isa = PBXFileReference; fileEncoding = 4; lastKnownFileType = sourcecode.swift; name = "String+Helper.swift"; path = "Helpers/String+Helper.swift"; sourceTree = "<group>"; };
		7AAD24E31F1E5A9300BD1814 /* Date+Helper.swift */ = {isa = PBXFileReference; fileEncoding = 4; lastKnownFileType = sourcecode.swift; name = "Date+Helper.swift"; path = "Helpers/Date+Helper.swift"; sourceTree = "<group>"; };
		7AAD24E71F1E5B3C00BD1814 /* Location+Helper.swift */ = {isa = PBXFileReference; fileEncoding = 4; lastKnownFileType = sourcecode.swift; name = "Location+Helper.swift"; path = "Helpers/Location+Helper.swift"; sourceTree = "<group>"; };
		7AAD24E91F1E5B7F00BD1814 /* Hourly+Helper.swift */ = {isa = PBXFileReference; fileEncoding = 4; lastKnownFileType = sourcecode.swift; name = "Hourly+Helper.swift"; path = "Helpers/Hourly+Helper.swift"; sourceTree = "<group>"; };
		7AAD24EC1F1E5BB800BD1814 /* Forecast+Helper.swift */ = {isa = PBXFileReference; fileEncoding = 4; lastKnownFileType = sourcecode.swift; name = "Forecast+Helper.swift"; path = "Helpers/Forecast+Helper.swift"; sourceTree = "<group>"; };
		7AAD24F21F1E5CBB00BD1814 /* Heimdall Widget.appex */ = {isa = PBXFileReference; explicitFileType = "wrapper.app-extension"; includeInIndex = 0; path = "Heimdall Widget.appex"; sourceTree = BUILT_PRODUCTS_DIR; };
		7AAD24F41F1E5CBB00BD1814 /* NotificationCenter.framework */ = {isa = PBXFileReference; lastKnownFileType = wrapper.framework; name = NotificationCenter.framework; path = System/Library/Frameworks/NotificationCenter.framework; sourceTree = SDKROOT; };
		7AAD24F71F1E5CBB00BD1814 /* TodayViewController.swift */ = {isa = PBXFileReference; lastKnownFileType = sourcecode.swift; path = TodayViewController.swift; sourceTree = "<group>"; };
		7AAD24FA1F1E5CBB00BD1814 /* Base */ = {isa = PBXFileReference; lastKnownFileType = file.storyboard; name = Base; path = Base.lproj/MainInterface.storyboard; sourceTree = "<group>"; };
		7AAD24FC1F1E5CBB00BD1814 /* Info.plist */ = {isa = PBXFileReference; lastKnownFileType = text.plist.xml; path = Info.plist; sourceTree = "<group>"; };
		7AAD25041F1E699C00BD1814 /* Dictionary+Helper.swift */ = {isa = PBXFileReference; fileEncoding = 4; lastKnownFileType = sourcecode.swift; name = "Dictionary+Helper.swift"; path = "Helpers/Dictionary+Helper.swift"; sourceTree = "<group>"; };
		7ABB455D1F1CCD0100D0BABD /* BorderedCollectionView.swift */ = {isa = PBXFileReference; fileEncoding = 4; lastKnownFileType = sourcecode.swift; name = BorderedCollectionView.swift; path = View/BorderedCollectionView.swift; sourceTree = "<group>"; };
		7ACC25C61F1F33FC006512DC /* UIImage+Helper.swift */ = {isa = PBXFileReference; fileEncoding = 4; lastKnownFileType = sourcecode.swift; name = "UIImage+Helper.swift"; path = "Helpers/UIImage+Helper.swift"; sourceTree = "<group>"; };
		7ACDB10C1F1E7BE8002EA283 /* Heimdall.entitlements */ = {isa = PBXFileReference; lastKnownFileType = text.plist.entitlements; path = Heimdall.entitlements; sourceTree = "<group>"; };
		7ACDB10E1F1E85C7002EA283 /* Heimdall Widget.entitlements */ = {isa = PBXFileReference; lastKnownFileType = text.plist.entitlements; path = "Heimdall Widget.entitlements"; sourceTree = "<group>"; };
		7ACDB1161F1EA8B0002EA283 /* UILoadButton.swift */ = {isa = PBXFileReference; fileEncoding = 4; lastKnownFileType = sourcecode.swift; name = UILoadButton.swift; path = View/UILoadButton.swift; sourceTree = "<group>"; };
		7ACDB1181F1EA8FB002EA283 /* UIFloatTextField.swift */ = {isa = PBXFileReference; fileEncoding = 4; lastKnownFileType = sourcecode.swift; name = UIFloatTextField.swift; path = View/UIFloatTextField.swift; sourceTree = "<group>"; };
		7ACDB11A1F1EA922002EA283 /* UIView+Helper.swift */ = {isa = PBXFileReference; fileEncoding = 4; lastKnownFileType = sourcecode.swift; name = "UIView+Helper.swift"; path = "Helpers/UIView+Helper.swift"; sourceTree = "<group>"; };
		7ACDB11C1F1EA93C002EA283 /* CGPoint+Helper.swift */ = {isa = PBXFileReference; fileEncoding = 4; lastKnownFileType = sourcecode.swift; name = "CGPoint+Helper.swift"; path = "View/CGPoint+Helper.swift"; sourceTree = "<group>"; };
		7ACDB11F1F1EBA7E002EA283 /* NewLocationViewController.swift */ = {isa = PBXFileReference; fileEncoding = 4; lastKnownFileType = sourcecode.swift; name = NewLocationViewController.swift; path = Controllers/NewLocationViewController.swift; sourceTree = "<group>"; };
		7ACDB1211F1EBDB5002EA283 /* UIApplication+Helper.swift */ = {isa = PBXFileReference; fileEncoding = 4; lastKnownFileType = sourcecode.swift; name = "UIApplication+Helper.swift"; path = "Helpers/UIApplication+Helper.swift"; sourceTree = "<group>"; };
		7AEE3B811F129D3F003BC81F /* ro-RO */ = {isa = PBXFileReference; lastKnownFileType = text.plist.strings; name = "ro-RO"; path = "ro-RO.lproj/Main.strings"; sourceTree = "<group>"; };
		7AEE3B821F129D40003BC81F /* ro-RO */ = {isa = PBXFileReference; lastKnownFileType = text.plist.strings; name = "ro-RO"; path = "ro-RO.lproj/LaunchScreen.strings"; sourceTree = "<group>"; };
		7AEE3B831F129D40003BC81F /* ro-RO */ = {isa = PBXFileReference; lastKnownFileType = text.plist.strings; name = "ro-RO"; path = "ro-RO.lproj/Localizable.strings"; sourceTree = "<group>"; };
		7AEE3B851F12A4C6003BC81F /* Base */ = {isa = PBXFileReference; lastKnownFileType = text.plist.strings; name = Base; path = Base.lproj/Localizable.strings; sourceTree = "<group>"; };
		7AEE3B861F12AABB003BC81F /* Hourly.swift */ = {isa = PBXFileReference; fileEncoding = 4; lastKnownFileType = sourcecode.swift; path = Hourly.swift; sourceTree = "<group>"; };
		7AF8F05D1F13290000B58EAA /* LocationManager.swift */ = {isa = PBXFileReference; fileEncoding = 4; lastKnownFileType = sourcecode.swift; path = LocationManager.swift; sourceTree = "<group>"; };
/* End PBXFileReference section */

/* Begin PBXFrameworksBuildPhase section */
		7A1A1B091F1036470023A8C1 /* Frameworks */ = {
			isa = PBXFrameworksBuildPhase;
			buildActionMask = 2147483647;
			files = (
			);
			runOnlyForDeploymentPostprocessing = 0;
		};
		7A1A1B201F1036480023A8C1 /* Frameworks */ = {
			isa = PBXFrameworksBuildPhase;
			buildActionMask = 2147483647;
			files = (
			);
			runOnlyForDeploymentPostprocessing = 0;
		};
		7A1A1B2B1F1036480023A8C1 /* Frameworks */ = {
			isa = PBXFrameworksBuildPhase;
			buildActionMask = 2147483647;
			files = (
			);
			runOnlyForDeploymentPostprocessing = 0;
		};
		7AAD24EF1F1E5CBB00BD1814 /* Frameworks */ = {
			isa = PBXFrameworksBuildPhase;
			buildActionMask = 2147483647;
			files = (
				7AAD24F51F1E5CBB00BD1814 /* NotificationCenter.framework in Frameworks */,
			);
			runOnlyForDeploymentPostprocessing = 0;
		};
/* End PBXFrameworksBuildPhase section */

/* Begin PBXGroup section */
		7A1A1B031F1036470023A8C1 = {
			isa = PBXGroup;
			children = (
				7A1A1B0E1F1036470023A8C1 /* Heimdall */,
				7AAD24F61F1E5CBB00BD1814 /* Heimdall Widget */,
				7AAD24F31F1E5CBB00BD1814 /* Frameworks */,
				7A1A1B0D1F1036470023A8C1 /* Products */,
			);
			sourceTree = "<group>";
		};
		7A1A1B0D1F1036470023A8C1 /* Products */ = {
			isa = PBXGroup;
			children = (
				7A1A1B0C1F1036470023A8C1 /* Heimdall.app */,
				7A1A1B231F1036480023A8C1 /* HeimdallTests.xctest */,
				7A1A1B2E1F1036480023A8C1 /* HeimdallUITests.xctest */,
				7AAD24F21F1E5CBB00BD1814 /* Heimdall Widget.appex */,
			);
			name = Products;
			sourceTree = "<group>";
		};
		7A1A1B0E1F1036470023A8C1 /* Heimdall */ = {
			isa = PBXGroup;
			children = (
				7ACDB10C1F1E7BE8002EA283 /* Heimdall.entitlements */,
				7A1A1B131F1036480023A8C1 /* Main.storyboard */,
				7A72C2771F14780700C766E9 /* Controllers */,
				7A1A1B511F107C1A0023A8C1 /* Models */,
				7A72C2741F1458B700C766E9 /* Views */,
				7A1A1B501F107C0E0023A8C1 /* DataLogic */,
				7A1A1B491F103E510023A8C1 /* Configs */,
				7AAD24E61F1E5AC400BD1814 /* Helpers */,
				7A1A1B401F1036990023A8C1 /* Supporting Files */,
			);
			path = Heimdall;
			sourceTree = "<group>";
		};
		7A1A1B401F1036990023A8C1 /* Supporting Files */ = {
			isa = PBXGroup;
			children = (
				7A1A1B0F1F1036470023A8C1 /* AppDelegate.swift */,
				7A1A1B191F1036480023A8C1 /* Assets.xcassets */,
				7A1A1B1B1F1036480023A8C1 /* LaunchScreen.storyboard */,
				7A1A1B1E1F1036480023A8C1 /* Info.plist */,
			);
			name = "Supporting Files";
			sourceTree = "<group>";
		};
		7A1A1B491F103E510023A8C1 /* Configs */ = {
			isa = PBXGroup;
			children = (
				7AEE3B7E1F129C10003BC81F /* Localizable.strings */,
				7A1A1B5A1F1088AB0023A8C1 /* Base.swift */,
				7A1A1B4A1F104A9A0023A8C1 /* RestAPI.swift */,
				7A1A1B4C1F106B7F0023A8C1 /* ComputedDefaults.swift */,
			);
			name = Configs;
			sourceTree = "<group>";
		};
		7A1A1B501F107C0E0023A8C1 /* DataLogic */ = {
			isa = PBXGroup;
			children = (
				7A8464711F113387007CFB35 /* DataManager.swift */,
				7A1A1B411F1036CE0023A8C1 /* WeatherDataManager.swift */,
				7AF8F05D1F13290000B58EAA /* LocationManager.swift */,
				7A72C26E1F14416600C766E9 /* MulticastDelegate.swift */,
				7A1A1B4E1F107C080023A8C1 /* DataBuilder.swift */,
			);
			name = DataLogic;
			sourceTree = "<group>";
		};
		7A1A1B511F107C1A0023A8C1 /* Models */ = {
			isa = PBXGroup;
			children = (
				7A1A1B561F1083A80023A8C1 /* Location.swift */,
				7A1A1B521F107E950023A8C1 /* Condition.swift */,
				7AEE3B861F12AABB003BC81F /* Hourly.swift */,
				7A72C26C1F14288900C766E9 /* Forecast.swift */,
				7AAD24EB1F1E5B8D00BD1814 /* Helpers */,
			);
			name = Models;
			sourceTree = "<group>";
		};
		7A72C2741F1458B700C766E9 /* Views */ = {
			isa = PBXGroup;
			children = (
				7ABB455D1F1CCD0100D0BABD /* BorderedCollectionView.swift */,
				7A72C2701F1458B100C766E9 /* HourForecastCollectionViewCell.swift */,
				7A72C2711F1458B100C766E9 /* HourForecastCollectionViewCell.xib */,
				7A9D10B81F1CA53E0050495F /* DailyForecastTableViewCell.swift */,
				7A9D10B91F1CA53E0050495F /* DailyForecastTableViewCell.xib */,
				7ACDB1161F1EA8B0002EA283 /* UILoadButton.swift */,
				7ACDB1181F1EA8FB002EA283 /* UIFloatTextField.swift */,
			);
			name = Views;
			sourceTree = "<group>";
		};
		7A72C2771F14780700C766E9 /* Controllers */ = {
			isa = PBXGroup;
			children = (
				7A1A1B111F1036470023A8C1 /* LocationVC.swift */,
				7A72C2751F14780300C766E9 /* PageViewController.swift */,
				7ACDB11F1F1EBA7E002EA283 /* NewLocationViewController.swift */,
			);
			name = Controllers;
			sourceTree = "<group>";
		};
		7AAD24E61F1E5AC400BD1814 /* Helpers */ = {
			isa = PBXGroup;
			children = (
				7AAD25041F1E699C00BD1814 /* Dictionary+Helper.swift */,
				7A1A1B431F10393F0023A8C1 /* Globals.swift */,
				7AAD24DF1F1E5A5600BD1814 /* URL+Helper.swift */,
				7AAD24E11F1E5A7700BD1814 /* String+Helper.swift */,
				7AAD24E31F1E5A9300BD1814 /* Date+Helper.swift */,
				7ACDB11A1F1EA922002EA283 /* UIView+Helper.swift */,
				7ACDB11C1F1EA93C002EA283 /* CGPoint+Helper.swift */,
				7ACDB1211F1EBDB5002EA283 /* UIApplication+Helper.swift */,
				7ACC25C61F1F33FC006512DC /* UIImage+Helper.swift */,
			);
			name = Helpers;
			sourceTree = "<group>";
		};
		7AAD24EB1F1E5B8D00BD1814 /* Helpers */ = {
			isa = PBXGroup;
			children = (
				7AAD24E71F1E5B3C00BD1814 /* Location+Helper.swift */,
				7AAD24E91F1E5B7F00BD1814 /* Hourly+Helper.swift */,
				7AAD24EC1F1E5BB800BD1814 /* Forecast+Helper.swift */,
			);
			name = Helpers;
			sourceTree = "<group>";
		};
		7AAD24F31F1E5CBB00BD1814 /* Frameworks */ = {
			isa = PBXGroup;
			children = (
				7AAD24F41F1E5CBB00BD1814 /* NotificationCenter.framework */,
			);
			name = Frameworks;
			sourceTree = "<group>";
		};
		7AAD24F61F1E5CBB00BD1814 /* Heimdall Widget */ = {
			isa = PBXGroup;
			children = (
				7ACDB10E1F1E85C7002EA283 /* Heimdall Widget.entitlements */,
				7AAD24F71F1E5CBB00BD1814 /* TodayViewController.swift */,
				7AAD24F91F1E5CBB00BD1814 /* MainInterface.storyboard */,
				7AAD24FC1F1E5CBB00BD1814 /* Info.plist */,
			);
			path = "Heimdall Widget";
			sourceTree = "<group>";
		};
/* End PBXGroup section */

/* Begin PBXNativeTarget section */
		7A1A1B0B1F1036470023A8C1 /* Heimdall */ = {
			isa = PBXNativeTarget;
			buildConfigurationList = 7A1A1B371F1036480023A8C1 /* Build configuration list for PBXNativeTarget "Heimdall" */;
			buildPhases = (
				7A1A1B081F1036470023A8C1 /* Sources */,
				7A1A1B091F1036470023A8C1 /* Frameworks */,
				7A1A1B0A1F1036470023A8C1 /* Resources */,
				7AAD25031F1E5CBB00BD1814 /* Embed App Extensions */,
			);
			buildRules = (
			);
			dependencies = (
				7AAD24FE1F1E5CBB00BD1814 /* PBXTargetDependency */,
			);
			name = Heimdall;
			productName = Heimdall;
			productReference = 7A1A1B0C1F1036470023A8C1 /* Heimdall.app */;
			productType = "com.apple.product-type.application";
		};
		7A1A1B221F1036480023A8C1 /* HeimdallTests */ = {
			isa = PBXNativeTarget;
			buildConfigurationList = 7A1A1B3A1F1036480023A8C1 /* Build configuration list for PBXNativeTarget "HeimdallTests" */;
			buildPhases = (
				7A1A1B1F1F1036480023A8C1 /* Sources */,
				7A1A1B201F1036480023A8C1 /* Frameworks */,
				7A1A1B211F1036480023A8C1 /* Resources */,
			);
			buildRules = (
			);
			dependencies = (
				7A1A1B251F1036480023A8C1 /* PBXTargetDependency */,
			);
			name = HeimdallTests;
			productName = HeimdallTests;
			productReference = 7A1A1B231F1036480023A8C1 /* HeimdallTests.xctest */;
			productType = "com.apple.product-type.bundle.unit-test";
		};
		7A1A1B2D1F1036480023A8C1 /* HeimdallUITests */ = {
			isa = PBXNativeTarget;
			buildConfigurationList = 7A1A1B3D1F1036480023A8C1 /* Build configuration list for PBXNativeTarget "HeimdallUITests" */;
			buildPhases = (
				7A1A1B2A1F1036480023A8C1 /* Sources */,
				7A1A1B2B1F1036480023A8C1 /* Frameworks */,
				7A1A1B2C1F1036480023A8C1 /* Resources */,
			);
			buildRules = (
			);
			dependencies = (
				7A1A1B301F1036480023A8C1 /* PBXTargetDependency */,
			);
			name = HeimdallUITests;
			productName = HeimdallUITests;
			productReference = 7A1A1B2E1F1036480023A8C1 /* HeimdallUITests.xctest */;
			productType = "com.apple.product-type.bundle.ui-testing";
		};
		7AAD24F11F1E5CBB00BD1814 /* Heimdall Widget */ = {
			isa = PBXNativeTarget;
			buildConfigurationList = 7AAD25001F1E5CBB00BD1814 /* Build configuration list for PBXNativeTarget "Heimdall Widget" */;
			buildPhases = (
				7AAD24EE1F1E5CBB00BD1814 /* Sources */,
				7AAD24EF1F1E5CBB00BD1814 /* Frameworks */,
				7AAD24F01F1E5CBB00BD1814 /* Resources */,
			);
			buildRules = (
			);
			dependencies = (
			);
			name = "Heimdall Widget";
			productName = "Heimdall Widget";
			productReference = 7AAD24F21F1E5CBB00BD1814 /* Heimdall Widget.appex */;
			productType = "com.apple.product-type.app-extension";
		};
/* End PBXNativeTarget section */

/* Begin PBXProject section */
		7A1A1B041F1036470023A8C1 /* Project object */ = {
			isa = PBXProject;
			attributes = {
				LastSwiftUpdateCheck = 0830;
				LastUpgradeCheck = 0830;
				ORGANIZATIONNAME = "Marius Ilie";
				TargetAttributes = {
					7A1A1B0B1F1036470023A8C1 = {
						CreatedOnToolsVersion = 8.3.3;
						DevelopmentTeam = 2S2RSVRNML;
						ProvisioningStyle = Automatic;
						SystemCapabilities = {
							com.apple.ApplicationGroups.iOS = {
								enabled = 1;
							};
							com.apple.BackgroundModes = {
								enabled = 1;
							};
							com.apple.Keychain = {
								enabled = 0;
							};
						};
					};
					7A1A1B221F1036480023A8C1 = {
						CreatedOnToolsVersion = 8.3.3;
						LastSwiftMigration = 0830;
						ProvisioningStyle = Automatic;
						TestTargetID = 7A1A1B0B1F1036470023A8C1;
					};
					7A1A1B2D1F1036480023A8C1 = {
						CreatedOnToolsVersion = 8.3.3;
						ProvisioningStyle = Automatic;
						TestTargetID = 7A1A1B0B1F1036470023A8C1;
					};
					7AAD24F11F1E5CBB00BD1814 = {
						CreatedOnToolsVersion = 8.3.3;
						DevelopmentTeam = 2S2RSVRNML;
						ProvisioningStyle = Automatic;
						SystemCapabilities = {
							com.apple.ApplicationGroups.iOS = {
								enabled = 1;
							};
						};
					};
				};
			};
			buildConfigurationList = 7A1A1B071F1036470023A8C1 /* Build configuration list for PBXProject "Heimdall" */;
			compatibilityVersion = "Xcode 3.2";
			developmentRegion = English;
			hasScannedForEncodings = 0;
			knownRegions = (
				en,
				Base,
				"ro-RO",
			);
			mainGroup = 7A1A1B031F1036470023A8C1;
			productRefGroup = 7A1A1B0D1F1036470023A8C1 /* Products */;
			projectDirPath = "";
			projectRoot = "";
			targets = (
				7A1A1B0B1F1036470023A8C1 /* Heimdall */,
				7A1A1B221F1036480023A8C1 /* HeimdallTests */,
				7A1A1B2D1F1036480023A8C1 /* HeimdallUITests */,
				7AAD24F11F1E5CBB00BD1814 /* Heimdall Widget */,
			);
		};
/* End PBXProject section */

/* Begin PBXResourcesBuildPhase section */
		7A1A1B0A1F1036470023A8C1 /* Resources */ = {
			isa = PBXResourcesBuildPhase;
			buildActionMask = 2147483647;
			files = (
				7AEE3B7C1F129C10003BC81F /* Localizable.strings in Resources */,
				7A1A1B1D1F1036480023A8C1 /* LaunchScreen.storyboard in Resources */,
				7A1A1B1A1F1036480023A8C1 /* Assets.xcassets in Resources */,
				7A1A1B151F1036480023A8C1 /* Main.storyboard in Resources */,
				7A9D10BB1F1CA53E0050495F /* DailyForecastTableViewCell.xib in Resources */,
				7A72C2731F1458B100C766E9 /* HourForecastCollectionViewCell.xib in Resources */,
			);
			runOnlyForDeploymentPostprocessing = 0;
		};
		7A1A1B211F1036480023A8C1 /* Resources */ = {
			isa = PBXResourcesBuildPhase;
			buildActionMask = 2147483647;
			files = (
			);
			runOnlyForDeploymentPostprocessing = 0;
		};
		7A1A1B2C1F1036480023A8C1 /* Resources */ = {
			isa = PBXResourcesBuildPhase;
			buildActionMask = 2147483647;
			files = (
			);
			runOnlyForDeploymentPostprocessing = 0;
		};
		7AAD24F01F1E5CBB00BD1814 /* Resources */ = {
			isa = PBXResourcesBuildPhase;
			buildActionMask = 2147483647;
			files = (
				7ACDB1151F1E9324002EA283 /* Assets.xcassets in Resources */,
				7AAD24FB1F1E5CBB00BD1814 /* MainInterface.storyboard in Resources */,
			);
			runOnlyForDeploymentPostprocessing = 0;
		};
/* End PBXResourcesBuildPhase section */

/* Begin PBXSourcesBuildPhase section */
		7A1A1B081F1036470023A8C1 /* Sources */ = {
			isa = PBXSourcesBuildPhase;
			buildActionMask = 2147483647;
			files = (
				7ACDB11D1F1EA93C002EA283 /* CGPoint+Helper.swift in Sources */,
				7ACDB1191F1EA8FB002EA283 /* UIFloatTextField.swift in Sources */,
				7A1A1B4D1F106B7F0023A8C1 /* ComputedDefaults.swift in Sources */,
				7A8464721F113387007CFB35 /* DataManager.swift in Sources */,
				7ACDB1171F1EA8B0002EA283 /* UILoadButton.swift in Sources */,
				7A9D10BA1F1CA53E0050495F /* DailyForecastTableViewCell.swift in Sources */,
				7A1A1B5B1F1088AB0023A8C1 /* Base.swift in Sources */,
				7A72C26F1F14416600C766E9 /* MulticastDelegate.swift in Sources */,
				7A1A1B531F107E950023A8C1 /* Condition.swift in Sources */,
				7A72C26D1F14288A00C766E9 /* Forecast.swift in Sources */,
				7AAD24E41F1E5A9300BD1814 /* Date+Helper.swift in Sources */,
				7AAD24E81F1E5B3C00BD1814 /* Location+Helper.swift in Sources */,
				7A1A1B571F1083A80023A8C1 /* Location.swift in Sources */,
				7ACC25C71F1F33FC006512DC /* UIImage+Helper.swift in Sources */,
				7A1A1B121F1036470023A8C1 /* LocationVC.swift in Sources */,
				7AEE3B871F12AABB003BC81F /* Hourly.swift in Sources */,
				7AAD24EA1F1E5B7F00BD1814 /* Hourly+Helper.swift in Sources */,
				7A72C2721F1458B100C766E9 /* HourForecastCollectionViewCell.swift in Sources */,
				7ABB455E1F1CCD0100D0BABD /* BorderedCollectionView.swift in Sources */,
				7ACDB1221F1EBDB5002EA283 /* UIApplication+Helper.swift in Sources */,
				7AAD25051F1E699C00BD1814 /* Dictionary+Helper.swift in Sources */,
				7A1A1B421F1036CE0023A8C1 /* WeatherDataManager.swift in Sources */,
				7AAD24E01F1E5A5600BD1814 /* URL+Helper.swift in Sources */,
				7A1A1B4B1F104A9A0023A8C1 /* RestAPI.swift in Sources */,
				7AF8F05E1F13290000B58EAA /* LocationManager.swift in Sources */,
				7AAD24E21F1E5A7700BD1814 /* String+Helper.swift in Sources */,
				7AAD24ED1F1E5BB800BD1814 /* Forecast+Helper.swift in Sources */,
				7ACDB11B1F1EA922002EA283 /* UIView+Helper.swift in Sources */,
				7A1A1B4F1F107C080023A8C1 /* DataBuilder.swift in Sources */,
				7A72C2761F14780300C766E9 /* PageViewController.swift in Sources */,
				7A1A1B441F10393F0023A8C1 /* Globals.swift in Sources */,
				7ACDB1201F1EBA7E002EA283 /* NewLocationViewController.swift in Sources */,
				7A1A1B101F1036470023A8C1 /* AppDelegate.swift in Sources */,
			);
			runOnlyForDeploymentPostprocessing = 0;
		};
		7A1A1B1F1F1036480023A8C1 /* Sources */ = {
			isa = PBXSourcesBuildPhase;
			buildActionMask = 2147483647;
			files = (
			);
			runOnlyForDeploymentPostprocessing = 0;
		};
		7A1A1B2A1F1036480023A8C1 /* Sources */ = {
			isa = PBXSourcesBuildPhase;
			buildActionMask = 2147483647;
			files = (
			);
			runOnlyForDeploymentPostprocessing = 0;
		};
		7AAD24EE1F1E5CBB00BD1814 /* Sources */ = {
			isa = PBXSourcesBuildPhase;
			buildActionMask = 2147483647;
			files = (
				7ACC25C91F1F5A61006512DC /* String+Helper.swift in Sources */,
				7ACC25C81F1F5A44006512DC /* Globals.swift in Sources */,
				7ACDB10D1F1E7CC9002EA283 /* Base.swift in Sources */,
				7AAD24F81F1E5CBB00BD1814 /* TodayViewController.swift in Sources */,
			);
			runOnlyForDeploymentPostprocessing = 0;
		};
/* End PBXSourcesBuildPhase section */

/* Begin PBXTargetDependency section */
		7A1A1B251F1036480023A8C1 /* PBXTargetDependency */ = {
			isa = PBXTargetDependency;
			target = 7A1A1B0B1F1036470023A8C1 /* Heimdall */;
			targetProxy = 7A1A1B241F1036480023A8C1 /* PBXContainerItemProxy */;
		};
		7A1A1B301F1036480023A8C1 /* PBXTargetDependency */ = {
			isa = PBXTargetDependency;
			target = 7A1A1B0B1F1036470023A8C1 /* Heimdall */;
			targetProxy = 7A1A1B2F1F1036480023A8C1 /* PBXContainerItemProxy */;
		};
		7AAD24FE1F1E5CBB00BD1814 /* PBXTargetDependency */ = {
			isa = PBXTargetDependency;
			target = 7AAD24F11F1E5CBB00BD1814 /* Heimdall Widget */;
			targetProxy = 7AAD24FD1F1E5CBB00BD1814 /* PBXContainerItemProxy */;
		};
/* End PBXTargetDependency section */

/* Begin PBXVariantGroup section */
		7A1A1B131F1036480023A8C1 /* Main.storyboard */ = {
			isa = PBXVariantGroup;
			children = (
				7A1A1B141F1036480023A8C1 /* Base */,
				7AEE3B811F129D3F003BC81F /* ro-RO */,
			);
			name = Main.storyboard;
			sourceTree = "<group>";
		};
		7A1A1B1B1F1036480023A8C1 /* LaunchScreen.storyboard */ = {
			isa = PBXVariantGroup;
			children = (
				7A1A1B1C1F1036480023A8C1 /* Base */,
				7AEE3B821F129D40003BC81F /* ro-RO */,
			);
			name = LaunchScreen.storyboard;
			sourceTree = "<group>";
		};
		7AAD24F91F1E5CBB00BD1814 /* MainInterface.storyboard */ = {
			isa = PBXVariantGroup;
			children = (
				7AAD24FA1F1E5CBB00BD1814 /* Base */,
			);
			name = MainInterface.storyboard;
			sourceTree = "<group>";
		};
		7AEE3B7E1F129C10003BC81F /* Localizable.strings */ = {
			isa = PBXVariantGroup;
			children = (
				7AEE3B831F129D40003BC81F /* ro-RO */,
				7AEE3B851F12A4C6003BC81F /* Base */,
			);
			name = Localizable.strings;
			sourceTree = "<group>";
		};
/* End PBXVariantGroup section */

/* Begin XCBuildConfiguration section */
		7A1A1B351F1036480023A8C1 /* Debug */ = {
			isa = XCBuildConfiguration;
			buildSettings = {
				ALWAYS_SEARCH_USER_PATHS = NO;
				CLANG_ANALYZER_LOCALIZABILITY_NONLOCALIZED = YES;
				CLANG_ANALYZER_NONNULL = YES;
				CLANG_ANALYZER_NUMBER_OBJECT_CONVERSION = YES_AGGRESSIVE;
				CLANG_CXX_LANGUAGE_STANDARD = "gnu++0x";
				CLANG_CXX_LIBRARY = "libc++";
				CLANG_ENABLE_MODULES = YES;
				CLANG_ENABLE_OBJC_ARC = YES;
				CLANG_WARN_BOOL_CONVERSION = YES;
				CLANG_WARN_CONSTANT_CONVERSION = YES;
				CLANG_WARN_DIRECT_OBJC_ISA_USAGE = YES_ERROR;
				CLANG_WARN_DOCUMENTATION_COMMENTS = YES;
				CLANG_WARN_EMPTY_BODY = YES;
				CLANG_WARN_ENUM_CONVERSION = YES;
				CLANG_WARN_INFINITE_RECURSION = YES;
				CLANG_WARN_INT_CONVERSION = YES;
				CLANG_WARN_OBJC_ROOT_CLASS = YES_ERROR;
				CLANG_WARN_SUSPICIOUS_MOVE = YES;
				CLANG_WARN_UNREACHABLE_CODE = YES;
				CLANG_WARN__DUPLICATE_METHOD_MATCH = YES;
				"CODE_SIGN_IDENTITY[sdk=iphoneos*]" = "iPhone Developer";
				COPY_PHASE_STRIP = NO;
				DEBUG_INFORMATION_FORMAT = dwarf;
				ENABLE_STRICT_OBJC_MSGSEND = YES;
				ENABLE_TESTABILITY = YES;
				GCC_C_LANGUAGE_STANDARD = gnu99;
				GCC_DYNAMIC_NO_PIC = NO;
				GCC_NO_COMMON_BLOCKS = YES;
				GCC_OPTIMIZATION_LEVEL = 0;
				GCC_PREPROCESSOR_DEFINITIONS = (
					"DEBUG=1",
					"$(inherited)",
				);
				GCC_WARN_64_TO_32_BIT_CONVERSION = YES;
				GCC_WARN_ABOUT_RETURN_TYPE = YES_ERROR;
				GCC_WARN_UNDECLARED_SELECTOR = YES;
				GCC_WARN_UNINITIALIZED_AUTOS = YES_AGGRESSIVE;
				GCC_WARN_UNUSED_FUNCTION = YES;
				GCC_WARN_UNUSED_VARIABLE = YES;
				IPHONEOS_DEPLOYMENT_TARGET = 10.3;
				MTL_ENABLE_DEBUG_INFO = YES;
				ONLY_ACTIVE_ARCH = YES;
				SDKROOT = iphoneos;
				SWIFT_ACTIVE_COMPILATION_CONDITIONS = DEBUG;
				SWIFT_OPTIMIZATION_LEVEL = "-Onone";
				TARGETED_DEVICE_FAMILY = "1,2";
			};
			name = Debug;
		};
		7A1A1B361F1036480023A8C1 /* Release */ = {
			isa = XCBuildConfiguration;
			buildSettings = {
				ALWAYS_SEARCH_USER_PATHS = NO;
				CLANG_ANALYZER_LOCALIZABILITY_NONLOCALIZED = YES;
				CLANG_ANALYZER_NONNULL = YES;
				CLANG_ANALYZER_NUMBER_OBJECT_CONVERSION = YES_AGGRESSIVE;
				CLANG_CXX_LANGUAGE_STANDARD = "gnu++0x";
				CLANG_CXX_LIBRARY = "libc++";
				CLANG_ENABLE_MODULES = YES;
				CLANG_ENABLE_OBJC_ARC = YES;
				CLANG_WARN_BOOL_CONVERSION = YES;
				CLANG_WARN_CONSTANT_CONVERSION = YES;
				CLANG_WARN_DIRECT_OBJC_ISA_USAGE = YES_ERROR;
				CLANG_WARN_DOCUMENTATION_COMMENTS = YES;
				CLANG_WARN_EMPTY_BODY = YES;
				CLANG_WARN_ENUM_CONVERSION = YES;
				CLANG_WARN_INFINITE_RECURSION = YES;
				CLANG_WARN_INT_CONVERSION = YES;
				CLANG_WARN_OBJC_ROOT_CLASS = YES_ERROR;
				CLANG_WARN_SUSPICIOUS_MOVE = YES;
				CLANG_WARN_UNREACHABLE_CODE = YES;
				CLANG_WARN__DUPLICATE_METHOD_MATCH = YES;
				"CODE_SIGN_IDENTITY[sdk=iphoneos*]" = "iPhone Developer";
				COPY_PHASE_STRIP = NO;
				DEBUG_INFORMATION_FORMAT = "dwarf-with-dsym";
				ENABLE_NS_ASSERTIONS = NO;
				ENABLE_STRICT_OBJC_MSGSEND = YES;
				GCC_C_LANGUAGE_STANDARD = gnu99;
				GCC_NO_COMMON_BLOCKS = YES;
				GCC_WARN_64_TO_32_BIT_CONVERSION = YES;
				GCC_WARN_ABOUT_RETURN_TYPE = YES_ERROR;
				GCC_WARN_UNDECLARED_SELECTOR = YES;
				GCC_WARN_UNINITIALIZED_AUTOS = YES_AGGRESSIVE;
				GCC_WARN_UNUSED_FUNCTION = YES;
				GCC_WARN_UNUSED_VARIABLE = YES;
				IPHONEOS_DEPLOYMENT_TARGET = 10.3;
				MTL_ENABLE_DEBUG_INFO = NO;
				SDKROOT = iphoneos;
				SWIFT_OPTIMIZATION_LEVEL = "-Owholemodule";
				TARGETED_DEVICE_FAMILY = "1,2";
				VALIDATE_PRODUCT = YES;
			};
			name = Release;
		};
		7A1A1B381F1036480023A8C1 /* Debug */ = {
			isa = XCBuildConfiguration;
			buildSettings = {
				ALWAYS_EMBED_SWIFT_STANDARD_LIBRARIES = YES;
				ASSETCATALOG_COMPILER_APPICON_NAME = AppIcon;
				CODE_SIGN_ENTITLEMENTS = Heimdall/Heimdall.entitlements;
				DEVELOPMENT_TEAM = 2S2RSVRNML;
				INFOPLIST_FILE = Heimdall/Info.plist;
				LD_RUNPATH_SEARCH_PATHS = "$(inherited) @executable_path/Frameworks";
				PRODUCT_BUNDLE_IDENTIFIER = ro.iliemarius.Heimdall;
				PRODUCT_NAME = "$(TARGET_NAME)";
				SWIFT_VERSION = 3.0;
			};
			name = Debug;
		};
		7A1A1B391F1036480023A8C1 /* Release */ = {
			isa = XCBuildConfiguration;
			buildSettings = {
				ALWAYS_EMBED_SWIFT_STANDARD_LIBRARIES = YES;
				ASSETCATALOG_COMPILER_APPICON_NAME = AppIcon;
				CODE_SIGN_ENTITLEMENTS = Heimdall/Heimdall.entitlements;
				DEVELOPMENT_TEAM = 2S2RSVRNML;
				INFOPLIST_FILE = Heimdall/Info.plist;
				LD_RUNPATH_SEARCH_PATHS = "$(inherited) @executable_path/Frameworks";
				PRODUCT_BUNDLE_IDENTIFIER = ro.iliemarius.Heimdall;
				PRODUCT_NAME = "$(TARGET_NAME)";
				SWIFT_OPTIMIZATION_LEVEL = "-Owholemodule";
				SWIFT_VERSION = 3.0;
			};
			name = Release;
		};
		7A1A1B3B1F1036480023A8C1 /* Debug */ = {
			isa = XCBuildConfiguration;
			buildSettings = {
				ALWAYS_EMBED_SWIFT_STANDARD_LIBRARIES = YES;
				BUNDLE_LOADER = "$(TEST_HOST)";
				CLANG_ENABLE_MODULES = YES;
				INFOPLIST_FILE = HeimdallTests/Info.plist;
				LD_RUNPATH_SEARCH_PATHS = "$(inherited) @executable_path/Frameworks @loader_path/Frameworks";
				PRODUCT_BUNDLE_IDENTIFIER = ro.iliemarius.HeimdallTests;
				PRODUCT_NAME = "$(TARGET_NAME)";
				SWIFT_OPTIMIZATION_LEVEL = "-Onone";
				SWIFT_VERSION = 3.0;
				TEST_HOST = "$(BUILT_PRODUCTS_DIR)/Heimdall.app/Heimdall";
			};
			name = Debug;
		};
		7A1A1B3C1F1036480023A8C1 /* Release */ = {
			isa = XCBuildConfiguration;
			buildSettings = {
				ALWAYS_EMBED_SWIFT_STANDARD_LIBRARIES = YES;
				BUNDLE_LOADER = "$(TEST_HOST)";
				CLANG_ENABLE_MODULES = YES;
				INFOPLIST_FILE = HeimdallTests/Info.plist;
				LD_RUNPATH_SEARCH_PATHS = "$(inherited) @executable_path/Frameworks @loader_path/Frameworks";
				PRODUCT_BUNDLE_IDENTIFIER = ro.iliemarius.HeimdallTests;
				PRODUCT_NAME = "$(TARGET_NAME)";
				SWIFT_VERSION = 3.0;
				TEST_HOST = "$(BUILT_PRODUCTS_DIR)/Heimdall.app/Heimdall";
			};
			name = Release;
		};
		7A1A1B3E1F1036480023A8C1 /* Debug */ = {
			isa = XCBuildConfiguration;
			buildSettings = {
				ALWAYS_EMBED_SWIFT_STANDARD_LIBRARIES = YES;
				INFOPLIST_FILE = HeimdallUITests/Info.plist;
				LD_RUNPATH_SEARCH_PATHS = "$(inherited) @executable_path/Frameworks @loader_path/Frameworks";
				PRODUCT_BUNDLE_IDENTIFIER = ro.iliemarius.HeimdallUITests;
				PRODUCT_NAME = "$(TARGET_NAME)";
				SWIFT_VERSION = 3.0;
				TEST_TARGET_NAME = Heimdall;
			};
			name = Debug;
		};
		7A1A1B3F1F1036480023A8C1 /* Release */ = {
			isa = XCBuildConfiguration;
			buildSettings = {
				ALWAYS_EMBED_SWIFT_STANDARD_LIBRARIES = YES;
				INFOPLIST_FILE = HeimdallUITests/Info.plist;
				LD_RUNPATH_SEARCH_PATHS = "$(inherited) @executable_path/Frameworks @loader_path/Frameworks";
				PRODUCT_BUNDLE_IDENTIFIER = ro.iliemarius.HeimdallUITests;
				PRODUCT_NAME = "$(TARGET_NAME)";
				SWIFT_VERSION = 3.0;
				TEST_TARGET_NAME = Heimdall;
			};
			name = Release;
		};
		7AAD25011F1E5CBB00BD1814 /* Debug */ = {
			isa = XCBuildConfiguration;
			buildSettings = {
				CODE_SIGN_ENTITLEMENTS = "Heimdall Widget/Heimdall Widget.entitlements";
				DEVELOPMENT_TEAM = 2S2RSVRNML;
				INFOPLIST_FILE = "Heimdall Widget/Info.plist";
				LD_RUNPATH_SEARCH_PATHS = "$(inherited) @executable_path/Frameworks @executable_path/../../Frameworks";
				PRODUCT_BUNDLE_IDENTIFIER = "ro.iliemarius.Heimdall.Heimdall-Widget";
				PRODUCT_NAME = "$(TARGET_NAME)";
				SKIP_INSTALL = YES;
				SWIFT_VERSION = 3.0;
			};
			name = Debug;
		};
		7AAD25021F1E5CBB00BD1814 /* Release */ = {
			isa = XCBuildConfiguration;
			buildSettings = {
				CODE_SIGN_ENTITLEMENTS = "Heimdall Widget/Heimdall Widget.entitlements";
				DEVELOPMENT_TEAM = 2S2RSVRNML;
				INFOPLIST_FILE = "Heimdall Widget/Info.plist";
				LD_RUNPATH_SEARCH_PATHS = "$(inherited) @executable_path/Frameworks @executable_path/../../Frameworks";
				PRODUCT_BUNDLE_IDENTIFIER = "ro.iliemarius.Heimdall.Heimdall-Widget";
				PRODUCT_NAME = "$(TARGET_NAME)";
				SKIP_INSTALL = YES;
				SWIFT_VERSION = 3.0;
			};
			name = Release;
		};
/* End XCBuildConfiguration section */

/* Begin XCConfigurationList section */
		7A1A1B071F1036470023A8C1 /* Build configuration list for PBXProject "Heimdall" */ = {
			isa = XCConfigurationList;
			buildConfigurations = (
				7A1A1B351F1036480023A8C1 /* Debug */,
				7A1A1B361F1036480023A8C1 /* Release */,
			);
			defaultConfigurationIsVisible = 0;
			defaultConfigurationName = Release;
		};
		7A1A1B371F1036480023A8C1 /* Build configuration list for PBXNativeTarget "Heimdall" */ = {
			isa = XCConfigurationList;
			buildConfigurations = (
				7A1A1B381F1036480023A8C1 /* Debug */,
				7A1A1B391F1036480023A8C1 /* Release */,
			);
			defaultConfigurationIsVisible = 0;
			defaultConfigurationName = Release;
		};
		7A1A1B3A1F1036480023A8C1 /* Build configuration list for PBXNativeTarget "HeimdallTests" */ = {
			isa = XCConfigurationList;
			buildConfigurations = (
				7A1A1B3B1F1036480023A8C1 /* Debug */,
				7A1A1B3C1F1036480023A8C1 /* Release */,
			);
			defaultConfigurationIsVisible = 0;
			defaultConfigurationName = Release;
		};
		7A1A1B3D1F1036480023A8C1 /* Build configuration list for PBXNativeTarget "HeimdallUITests" */ = {
			isa = XCConfigurationList;
			buildConfigurations = (
				7A1A1B3E1F1036480023A8C1 /* Debug */,
				7A1A1B3F1F1036480023A8C1 /* Release */,
			);
			defaultConfigurationIsVisible = 0;
			defaultConfigurationName = Release;
		};
		7AAD25001F1E5CBB00BD1814 /* Build configuration list for PBXNativeTarget "Heimdall Widget" */ = {
			isa = XCConfigurationList;
			buildConfigurations = (
				7AAD25011F1E5CBB00BD1814 /* Debug */,
				7AAD25021F1E5CBB00BD1814 /* Release */,
			);
			defaultConfigurationIsVisible = 0;
			defaultConfigurationName = Release;
		};
/* End XCConfigurationList section */
	};
	rootObject = 7A1A1B041F1036470023A8C1 /* Project object */;
}
